
Microsoft Visual Studio Solution File, Format Version 12.00
# Visual Studio 15
VisualStudioVersion = 15.0.27703.1
MinimumVisualStudioVersion = 10.0.40219.1
Project("{9A19103F-16F7-4668-BE54-9A1E7A4F7556}") = "SerializerDotNet", "SerializerDotNet\SerializerDotNet.csproj", "{D844F3AA-23C0-4FB5-A52F-5D18F2914EAC}"
EndProject
Global
	GlobalSection(SolutionConfigurationPlatforms) = preSolution
		Debug|Any CPU = Debug|Any CPU
		Release|Any CPU = Release|Any CPU
	EndGlobalSection
	GlobalSection(ProjectConfigurationPlatforms) = postSolution
		{D844F3AA-23C0-4FB5-A52F-5D18F2914EAC}.Debug|Any CPU.ActiveCfg = Debug|Any CPU
		{D844F3AA-23C0-4FB5-A52F-5D18F2914EAC}.Debug|Any CPU.Build.0 = Debug|Any CPU
		{D844F3AA-23C0-4FB5-A52F-5D18F2914EAC}.Release|Any CPU.ActiveCfg = Release|Any CPU
		{D844F3AA-23C0-4FB5-A52F-5D18F2914EAC}.Release|Any CPU.Build.0 = Release|Any CPU
	EndGlobalSection
	GlobalSection(SolutionProperties) = preSolution
		HideSolutionNode = FALSE
	EndGlobalSection
	GlobalSection(ExtensibilityGlobals) = postSolution
		SolutionGuid = {3296D93C-4927-459F-865E-B106CFF9866B}
	EndGlobalSection
EndGlobal
